{
  "nodes": {
    "brew-src": {
      "flake": false,
      "locked": {
        "lastModified": 1778427648,
        "narHash": "sha256-pt9KaDGsMyYWB9JeHs4XGHs870f1lOZe3vx9LpVIhUE=",
        "owner": "Homebrew",
        "repo": "brew",
        "rev": "6f293daa9f9f5832e13b497976335e90509886d7",
        "type": "github"
      },
      "original": {
        "owner": "Homebrew",
        "ref": "5.1.11",
        "repo": "brew",
        "type": "github"
      }
    },
    "catppuccin": {
      "inputs": {
        "nixpkgs": [
          "nixpkgs"
        ]
      },
      "locked": {
        "lastModified": 1781255309,
        "narHash": "sha256-n2P5xkAYGylrJ3feu7L6uaCUw/+jW8rk+HO127gDbFA=",
        "owner": "catppuccin",
        "repo": "nix",
        "rev": "036c78ea4cd8a42c8546c6316a944fd7d59d4341",
        "type": "github"
      },
      "original": {
        "owner": "catppuccin",
        "repo": "nix",
        "type": "github"
      }
    },
    "file-associations": {
      "locked": {
        "path": "nix/flakes/file-associations",
        "type": "path"
      },
      "original": {
        "path": "nix/flakes/file-associations",
        "type": "path"
      },
      "parent": []
    },
    "home-manager": {
      "inputs": {
        "nixpkgs": [
          "nixpkgs"
        ]
      },
      "locked": {
        "lastModified": 1781365335,
        "narHash": "sha256-zqDBhXMzfbdlO7F2bGHe7MOtB3xngd/+4ieMHDC+ZXo=",
        "owner": "nix-community",
        "repo": "home-manager",
        "rev": "5b6f5733726a1b2ccafb5dec6ac4ca7299fad66c",
        "type": "github"
      },
      "original": {
        "owner": "nix-community",
        "repo": "home-manager",
        "type": "github"
      }
    },
    "homebrew-cask": {
      "flake": false,
      "locked": {
        "lastModified": 1781423506,
        "narHash": "sha256-t83+8uVySDEZrLbfjlpBpFXBS627S+/bBC4bBIjMb2c=",
        "owner": "homebrew",
        "repo": "homebrew-cask",
        "rev": "2fd82a7f04972ca91e1d69e06ddde48e6acf63f1",
        "type": "github"
      },
      "original": {
        "owner": "homebrew",
        "repo": "homebrew-cask",
        "type": "github"
      }
    },
    "homebrew-core": {
      "flake": false,
      "locked": {
        "lastModified": 1781417416,
        "narHash": "sha256-BhGPZJ2fCvwThidTHyBN0Y9mqfBvpoM2owFUwPc6q6Y=",
        "owner": "homebrew",
        "repo": "homebrew-core",
        "rev": "c177cfe52f1a725feb7ce391e5654995e2dcc061",
        "type": "github"
      },
      "original": {
        "owner": "homebrew",
        "repo": "homebrew-core",
        "type": "github"
      }
    },
    "homebrew-home-manager-bridge": {
      "locked": {
        "path": "nix/flakes/homebrew-home-manager-bridge",
        "type": "path"
      },
      "original": {
        "path": "nix/flakes/homebrew-home-manager-bridge",
        "type": "path"
      },
      "parent": []
    },
    "nix-darwin": {
      "inputs": {
        "nixpkgs": [
          "nixpkgs"
        ]
      },
      "locked": {
        "lastModified": 1781242433,
        "narHash": "sha256-bchLZZ3sRn740zyvD2icZSnNoTaanN0nw7l6fjVXO+E=",
        "owner": "nix-darwin",
        "repo": "nix-darwin",
        "rev": "aabb2037edfc0f210723b72cd5f528aab5dd3f0b",
        "type": "github"
      },
      "original": {
        "owner": "nix-darwin",
        "ref": "master",
        "repo": "nix-darwin",
        "type": "github"
      }
    },
    "nix-homebrew": {
      "inputs": {
        "brew-src": "brew-src"
      },
      "locked": {
        "lastModified": 1778851564,
        "narHash": "sha256-p8wzcnpB2Iys+QzAKM9/Eyw/pUyqCO3sw/NCnDH4dTE=",
        "owner": "zhaofengli",
        "repo": "nix-homebrew",
        "rev": "b3a87b4793205cc111f3c61e25e018ffac3b8039",
        "type": "github"
      },
      "original": {
        "owner": "zhaofengli",
        "repo": "nix-homebrew",
        "rev": "b3a87b4793205cc111f3c61e25e018ffac3b8039",
        "type": "github"
      }
    },
    "nix-index-database": {
      "inputs": {
        "nixpkgs": [
          "nixpkgs"
        ]
      },
      "locked": {
        "lastModified": 1781422160,
        "narHash": "sha256-W7S8O86bVrw2gaomEwkHStOzmPpnFIHQ6lS4Q2HffJ0=",
        "owner": "nix-community",
        "repo": "nix-index-database",
        "rev": "854d04e2368fb2e9c328a36b3c0a04cd713bfae1",
        "type": "github"
      },
      "original": {
        "owner": "nix-community",
        "repo": "nix-index-database",
        "type": "github"
      }
    },
    "nixpkgs": {
      "locked": {
        "lastModified": 1781328464,
        "narHash": "sha256-j9uBlHI0eJ9zWU9IlF6SlBBPdeJu30hcvar31IRKHpw=",
        "owner": "nixos",
        "repo": "nixpkgs",
        "rev": "5a722a7155bfc9fbe657f28d26b71860d95324bc",
        "type": "github"
      },
      "original": {
        "owner": "nixos",
        "ref": "nixpkgs-unstable",
        "repo": "nixpkgs",
        "type": "github"
      }
    },
    "root": {
      "inputs": {
        "catppuccin": "catppuccin",
        "file-associations": "file-associations",
        "home-manager": "home-manager",
        "homebrew-cask": "homebrew-cask",
        "homebrew-core": "homebrew-core",
        "homebrew-home-manager-bridge": "homebrew-home-manager-bridge",
        "nix-darwin": "nix-darwin",
        "nix-homebrew": "nix-homebrew",
        "nix-index-database": "nix-index-database",
        "nixpkgs": "nixpkgs",
        "sudo-nopasswd": "sudo-nopasswd",
        "systems": "systems",
        "treefmt-nix": "treefmt-nix"
      }
    },
    "sudo-nopasswd": {
      "locked": {
        "path": "nix/flakes/sudo-nopasswd",
        "type": "path"
      },
      "original": {
        "path": "nix/flakes/sudo-nopasswd",
        "type": "path"
      },
      "parent": []
    },
    "systems": {
      "locked": {
        "lastModified": 1681028828,
        "narHash": "sha256-Vy1rq5AaRuLzOxct8nz4T6wlgyUR7zLU309k9mBC768=",
        "owner": "nix-systems",
        "repo": "default",
        "rev": "da67096a3b9bf56a91d16901293e51ba5b49a27e",
        "type": "github"
      },
      "original": {
        "owner": "nix-systems",
        "repo": "default",
        "type": "github"
      }
    },
    "treefmt-nix": {
      "inputs": {
        "nixpkgs": [
          "nixpkgs"
        ]
      },
      "locked": {
        "lastModified": 1780220602,
        "narHash": "sha256-eynAfOmbmxJnkp7YewvCEbShNnnYJ9gLLqkzsYtBPeM=",
        "owner": "numtide",
        "repo": "treefmt-nix",
        "rev": "db947814a175b7ca6ded66e21383d938df01c227",
        "type": "github"
      },
      "original": {
        "owner": "numtide",
        "repo": "treefmt-nix",
        "type": "github"
      }
    }
  },
  "root": "root",
  "version": 7
}
